
Microsoft Visual Studio Solution File, Format Version 12.00
# Visual Studio 15
VisualStudioVersion = 15.0.28307.271
MinimumVisualStudioVersion = 10.0.40219.1
Project("{FAE04EC0-301F-11D3-BF4B-00C04F79EFBC}") = "psLibrary-RestLevel3API", "psLibrary-RestLevel3API\psLibrary-RestLevel3API.csproj", "{3994B0EE-D7A8-4678-BAFA-89EB7EFA248B}"
EndProject
Global
	GlobalSection(SolutionConfigurationPlatforms) = preSolution
		Debug|Any CPU = Debug|Any CPU
		Release|Any CPU = Release|Any CPU
	EndGlobalSection
	GlobalSection(ProjectConfigurationPlatforms) = postSolution
		{3994B0EE-D7A8-4678-BAFA-89EB7EFA248B}.Debug|Any CPU.ActiveCfg = Debug|Any CPU
		{3994B0EE-D7A8-4678-BAFA-89EB7EFA248B}.Debug|Any CPU.Build.0 = Debug|Any CPU
		{3994B0EE-D7A8-4678-BAFA-89EB7EFA248B}.Release|Any CPU.ActiveCfg = Release|Any CPU
		{3994B0EE-D7A8-4678-BAFA-89EB7EFA248B}.Release|Any CPU.Build.0 = Release|Any CPU
	EndGlobalSection
	GlobalSection(SolutionProperties) = preSolution
		HideSolutionNode = FALSE
	EndGlobalSection
	GlobalSection(ExtensibilityGlobals) = postSolution
		SolutionGuid = {8FBC692D-4A6F-4D44-A2C7-EC7F2703E376}
	EndGlobalSection
EndGlobal
